// !$*UTF8*$!
{
	archiveVersion = 1;
	classes = {
	};
	objectVersion = 46;
	objects = {

/* Begin PBXBuildFile section */
		044B1F681F139E3E00B33677 /* AppDelegate.swift in Sources */ = {isa = PBXBuildFile; fileRef = 044B1F671F139E3E00B33677 /* AppDelegate.swift */; };
		044B1F6A1F139E3E00B33677 /* CitiesViewController.swift in Sources */ = {isa = PBXBuildFile; fileRef = 044B1F691F139E3E00B33677 /* CitiesViewController.swift */; };
		044B1F6D1F139E3E00B33677 /* Main.storyboard in Resources */ = {isa = PBXBuildFile; fileRef = 044B1F6B1F139E3E00B33677 /* Main.storyboard */; };
		044B1F6F1F139E3E00B33677 /* Assets.xcassets in Resources */ = {isa = PBXBuildFile; fileRef = 044B1F6E1F139E3E00B33677 /* Assets.xcassets */; };
		044B1F721F139E3E00B33677 /* LaunchScreen.storyboard in Resources */ = {isa = PBXBuildFile; fileRef = 044B1F701F139E3E00B33677 /* LaunchScreen.storyboard */; };
		044B1F7D1F139E3E00B33677 /* Warp17iosTests.swift in Sources */ = {isa = PBXBuildFile; fileRef = 044B1F7C1F139E3E00B33677 /* Warp17iosTests.swift */; };
		044B1F881F139E3E00B33677 /* Warp17iosUITests.swift in Sources */ = {isa = PBXBuildFile; fileRef = 044B1F871F139E3E00B33677 /* Warp17iosUITests.swift */; };
		044B1F961F17A5EC00B33677 /* CitiesProvider.swift in Sources */ = {isa = PBXBuildFile; fileRef = 044B1F951F17A5EC00B33677 /* CitiesProvider.swift */; };
		044B1F981F19475600B33677 /* ApiClient.swift in Sources */ = {isa = PBXBuildFile; fileRef = 044B1F971F19475600B33677 /* ApiClient.swift */; };
		044B1FA41F1954BD00B33677 /* RealmCity.swift in Sources */ = {isa = PBXBuildFile; fileRef = 044B1FA31F1954BD00B33677 /* RealmCity.swift */; };
		044B1FA61F1AA18F00B33677 /* DataStorage.swift in Sources */ = {isa = PBXBuildFile; fileRef = 044B1FA51F1AA18F00B33677 /* DataStorage.swift */; };
		044B1FA81F1AA27200B33677 /* PlanetsViewController.swift in Sources */ = {isa = PBXBuildFile; fileRef = 044B1FA71F1AA27200B33677 /* PlanetsViewController.swift */; };
		044B1FAA1F1D3A6F00B33677 /* AppSettings.swift in Sources */ = {isa = PBXBuildFile; fileRef = 044B1FA91F1D3A6F00B33677 /* AppSettings.swift */; };
		044B1FAE1F1E9F0200B33677 /* AddCityViewController.swift in Sources */ = {isa = PBXBuildFile; fileRef = 044B1FAD1F1E9F0200B33677 /* AddCityViewController.swift */; };
		044B1FB01F2142E000B33677 /* UiUtils.swift in Sources */ = {isa = PBXBuildFile; fileRef = 044B1FAF1F2142E000B33677 /* UiUtils.swift */; };
		044B1FB21F21478100B33677 /* Updater.swift in Sources */ = {isa = PBXBuildFile; fileRef = 044B1FB11F21478100B33677 /* Updater.swift */; };
		04AA98231F2228CA00A34E60 /* UpdatesProvider.swift in Sources */ = {isa = PBXBuildFile; fileRef = 04AA98221F2228CA00A34E60 /* UpdatesProvider.swift */; };
		04AA98271F32739400A34E60 /* RegisterProvider.swift in Sources */ = {isa = PBXBuildFile; fileRef = 04AA98261F32739400A34E60 /* RegisterProvider.swift */; };
		04FDFC4F1F327828000B2730 /* NotificationEvent.swift in Sources */ = {isa = PBXBuildFile; fileRef = 04FDFC4E1F327828000B2730 /* NotificationEvent.swift */; };
		04FDFC511F327A4C000B2730 /* AuthProvider.swift in Sources */ = {isa = PBXBuildFile; fileRef = 04FDFC501F327A4C000B2730 /* AuthProvider.swift */; };
		04FDFC551F3C491F000B2730 /* GoogleService-Info.plist in Resources */ = {isa = PBXBuildFile; fileRef = 04FDFC541F3C491F000B2730 /* GoogleService-Info.plist */; };
		04FDFC571F40EC1A000B2730 /* CityPageViewController.swift in Sources */ = {isa = PBXBuildFile; fileRef = 04FDFC561F40EC1A000B2730 /* CityPageViewController.swift */; };
		04FDFC5A1F488AA6000B2730 /* CityPopulationViewController.swift in Sources */ = {isa = PBXBuildFile; fileRef = 04FDFC591F488AA6000B2730 /* CityPopulationViewController.swift */; };
		04FDFC621F4DE720000B2730 /* RealmPlanet.swift in Sources */ = {isa = PBXBuildFile; fileRef = 04FDFC611F4DE720000B2730 /* RealmPlanet.swift */; };
		04FDFC641F4DE76A000B2730 /* CityFoodViewController.swift in Sources */ = {isa = PBXBuildFile; fileRef = 04FDFC631F4DE76A000B2730 /* CityFoodViewController.swift */; };
		04FDFC661F4F59A1000B2730 /* GeoService.swift in Sources */ = {isa = PBXBuildFile; fileRef = 04FDFC651F4F59A1000B2730 /* GeoService.swift */; };
		30D0A751983CC8FFEF37EF10 /* Pods_Warp17iosTests.framework in Frameworks */ = {isa = PBXBuildFile; fileRef = 2381CE6B71F3FAFC3E7399F9 /* Pods_Warp17iosTests.framework */; };
		3C83B0FA577BD4174500E3A8 /* Pods_Warp17ios.framework in Frameworks */ = {isa = PBXBuildFile; fileRef = 87876C34703F0E8548EAA6F6 /* Pods_Warp17ios.framework */; };
		CEBF801440C5F3C636B58DB7 /* Pods_Warp17iosUITests.framework in Frameworks */ = {isa = PBXBuildFile; fileRef = AAECC8E6FCE9804B93664C93 /* Pods_Warp17iosUITests.framework */; };
/* End PBXBuildFile section */

/* Begin PBXContainerItemProxy section */
		044B1F791F139E3E00B33677 /* PBXContainerItemProxy */ = {
			isa = PBXContainerItemProxy;
			containerPortal = 044B1F5C1F139E3E00B33677 /* Project object */;
			proxyType = 1;
			remoteGlobalIDString = 044B1F631F139E3E00B33677;
			remoteInfo = Warp17ios;
		};
		044B1F841F139E3E00B33677 /* PBXContainerItemProxy */ = {
			isa = PBXContainerItemProxy;
			containerPortal = 044B1F5C1F139E3E00B33677 /* Project object */;
			proxyType = 1;
			remoteGlobalIDString = 044B1F631F139E3E00B33677;
			remoteInfo = Warp17ios;
		};
/* End PBXContainerItemProxy section */

/* Begin PBXFileReference section */
		044B1F641F139E3E00B33677 /* Warp17ios.app */ = {isa = PBXFileReference; explicitFileType = wrapper.application; includeInIndex = 0; path = Warp17ios.app; sourceTree = BUILT_PRODUCTS_DIR; };
		044B1F671F139E3E00B33677 /* AppDelegate.swift */ = {isa = PBXFileReference; lastKnownFileType = sourcecode.swift; path = AppDelegate.swift; sourceTree = "<group>"; };
		044B1F691F139E3E00B33677 /* CitiesViewController.swift */ = {isa = PBXFileReference; lastKnownFileType = sourcecode.swift; path = CitiesViewController.swift; sourceTree = "<group>"; };
		044B1F6C1F139E3E00B33677 /* Base */ = {isa = PBXFileReference; lastKnownFileType = file.storyboard; name = Base; path = Base.lproj/Main.storyboard; sourceTree = "<group>"; };
		044B1F6E1F139E3E00B33677 /* Assets.xcassets */ = {isa = PBXFileReference; lastKnownFileType = folder.assetcatalog; path = Assets.xcassets; sourceTree = "<group>"; };
		044B1F711F139E3E00B33677 /* Base */ = {isa = PBXFileReference; lastKnownFileType = file.storyboard; name = Base; path = Base.lproj/LaunchScreen.storyboard; sourceTree = "<group>"; };
		044B1F731F139E3E00B33677 /* Info.plist */ = {isa = PBXFileReference; lastKnownFileType = text.plist.xml; path = Info.plist; sourceTree = "<group>"; };
		044B1F781F139E3E00B33677 /* Warp17iosTests.xctest */ = {isa = PBXFileReference; explicitFileType = wrapper.cfbundle; includeInIndex = 0; path = Warp17iosTests.xctest; sourceTree = BUILT_PRODUCTS_DIR; };
		044B1F7C1F139E3E00B33677 /* Warp17iosTests.swift */ = {isa = PBXFileReference; lastKnownFileType = sourcecode.swift; path = Warp17iosTests.swift; sourceTree = "<group>"; };
		044B1F7E1F139E3E00B33677 /* Info.plist */ = {isa = PBXFileReference; lastKnownFileType = text.plist.xml; path = Info.plist; sourceTree = "<group>"; };
		044B1F831F139E3E00B33677 /* Warp17iosUITests.xctest */ = {isa = PBXFileReference; explicitFileType = wrapper.cfbundle; includeInIndex = 0; path = Warp17iosUITests.xctest; sourceTree = BUILT_PRODUCTS_DIR; };
		044B1F871F139E3E00B33677 /* Warp17iosUITests.swift */ = {isa = PBXFileReference; lastKnownFileType = sourcecode.swift; path = Warp17iosUITests.swift; sourceTree = "<group>"; };
		044B1F891F139E3E00B33677 /* Info.plist */ = {isa = PBXFileReference; lastKnownFileType = text.plist.xml; path = Info.plist; sourceTree = "<group>"; };
		044B1F951F17A5EC00B33677 /* CitiesProvider.swift */ = {isa = PBXFileReference; fileEncoding = 4; lastKnownFileType = sourcecode.swift; path = CitiesProvider.swift; sourceTree = "<group>"; };
		044B1F971F19475600B33677 /* ApiClient.swift */ = {isa = PBXFileReference; fileEncoding = 4; lastKnownFileType = sourcecode.swift; path = ApiClient.swift; sourceTree = "<group>"; };
		044B1FA31F1954BD00B33677 /* RealmCity.swift */ = {isa = PBXFileReference; fileEncoding = 4; lastKnownFileType = sourcecode.swift; path = RealmCity.swift; sourceTree = "<group>"; };
		044B1FA51F1AA18F00B33677 /* DataStorage.swift */ = {isa = PBXFileReference; fileEncoding = 4; lastKnownFileType = sourcecode.swift; path = DataStorage.swift; sourceTree = "<group>"; };
		044B1FA71F1AA27200B33677 /* PlanetsViewController.swift */ = {isa = PBXFileReference; fileEncoding = 4; lastKnownFileType = sourcecode.swift; path = PlanetsViewController.swift; sourceTree = "<group>"; };
		044B1FA91F1D3A6F00B33677 /* AppSettings.swift */ = {isa = PBXFileReference; fileEncoding = 4; lastKnownFileType = sourcecode.swift; path = AppSettings.swift; sourceTree = "<group>"; };
		044B1FAD1F1E9F0200B33677 /* AddCityViewController.swift */ = {isa = PBXFileReference; fileEncoding = 4; lastKnownFileType = sourcecode.swift; path = AddCityViewController.swift; sourceTree = "<group>"; };
		044B1FAF1F2142E000B33677 /* UiUtils.swift */ = {isa = PBXFileReference; fileEncoding = 4; lastKnownFileType = sourcecode.swift; path = UiUtils.swift; sourceTree = "<group>"; };
		044B1FB11F21478100B33677 /* Updater.swift */ = {isa = PBXFileReference; fileEncoding = 4; lastKnownFileType = sourcecode.swift; path = Updater.swift; sourceTree = "<group>"; };
		04AA98221F2228CA00A34E60 /* UpdatesProvider.swift */ = {isa = PBXFileReference; fileEncoding = 4; lastKnownFileType = sourcecode.swift; path = UpdatesProvider.swift; sourceTree = "<group>"; };
		04AA98261F32739400A34E60 /* RegisterProvider.swift */ = {isa = PBXFileReference; fileEncoding = 4; lastKnownFileType = sourcecode.swift; path = RegisterProvider.swift; sourceTree = "<group>"; };
		04FDFC4E1F327828000B2730 /* NotificationEvent.swift */ = {isa = PBXFileReference; fileEncoding = 4; lastKnownFileType = sourcecode.swift; path = NotificationEvent.swift; sourceTree = "<group>"; };
		04FDFC501F327A4C000B2730 /* AuthProvider.swift */ = {isa = PBXFileReference; fileEncoding = 4; lastKnownFileType = sourcecode.swift; path = AuthProvider.swift; sourceTree = "<group>"; };
		04FDFC541F3C491F000B2730 /* GoogleService-Info.plist */ = {isa = PBXFileReference; fileEncoding = 4; lastKnownFileType = text.plist.xml; path = "GoogleService-Info.plist"; sourceTree = "<group>"; };
		04FDFC561F40EC1A000B2730 /* CityPageViewController.swift */ = {isa = PBXFileReference; fileEncoding = 4; lastKnownFileType = sourcecode.swift; path = CityPageViewController.swift; sourceTree = "<group>"; };
		04FDFC591F488AA6000B2730 /* CityPopulationViewController.swift */ = {isa = PBXFileReference; fileEncoding = 4; lastKnownFileType = sourcecode.swift; path = CityPopulationViewController.swift; sourceTree = "<group>"; };
		04FDFC611F4DE720000B2730 /* RealmPlanet.swift */ = {isa = PBXFileReference; fileEncoding = 4; lastKnownFileType = sourcecode.swift; path = RealmPlanet.swift; sourceTree = "<group>"; };
		04FDFC631F4DE76A000B2730 /* CityFoodViewController.swift */ = {isa = PBXFileReference; fileEncoding = 4; lastKnownFileType = sourcecode.swift; path = CityFoodViewController.swift; sourceTree = "<group>"; };
		04FDFC651F4F59A1000B2730 /* GeoService.swift */ = {isa = PBXFileReference; fileEncoding = 4; lastKnownFileType = sourcecode.swift; path = GeoService.swift; sourceTree = "<group>"; };
		10D6F2F023DA43BFDCC007E2 /* Pods-Warp17iosTests.debug.xcconfig */ = {isa = PBXFileReference; includeInIndex = 1; lastKnownFileType = text.xcconfig; name = "Pods-Warp17iosTests.debug.xcconfig"; path = "Pods/Target Support Files/Pods-Warp17iosTests/Pods-Warp17iosTests.debug.xcconfig"; sourceTree = "<group>"; };
		2381CE6B71F3FAFC3E7399F9 /* Pods_Warp17iosTests.framework */ = {isa = PBXFileReference; explicitFileType = wrapper.framework; includeInIndex = 0; path = Pods_Warp17iosTests.framework; sourceTree = BUILT_PRODUCTS_DIR; };
		62F25AC2708B1736B409098E /* Pods-Warp17ios.debug.xcconfig */ = {isa = PBXFileReference; includeInIndex = 1; lastKnownFileType = text.xcconfig; name = "Pods-Warp17ios.debug.xcconfig"; path = "Pods/Target Support Files/Pods-Warp17ios/Pods-Warp17ios.debug.xcconfig"; sourceTree = "<group>"; };
		87876C34703F0E8548EAA6F6 /* Pods_Warp17ios.framework */ = {isa = PBXFileReference; explicitFileType = wrapper.framework; includeInIndex = 0; path = Pods_Warp17ios.framework; sourceTree = BUILT_PRODUCTS_DIR; };
		AAECC8E6FCE9804B93664C93 /* Pods_Warp17iosUITests.framework */ = {isa = PBXFileReference; explicitFileType = wrapper.framework; includeInIndex = 0; path = Pods_Warp17iosUITests.framework; sourceTree = BUILT_PRODUCTS_DIR; };
		ABAE0128BD1B6561DC9D2565 /* Pods-Warp17iosTests.release.xcconfig */ = {isa = PBXFileReference; includeInIndex = 1; lastKnownFileType = text.xcconfig; name = "Pods-Warp17iosTests.release.xcconfig"; path = "Pods/Target Support Files/Pods-Warp17iosTests/Pods-Warp17iosTests.release.xcconfig"; sourceTree = "<group>"; };
		BC12CE76A18C29AFA7B6718F /* Pods-Warp17iosUITests.release.xcconfig */ = {isa = PBXFileReference; includeInIndex = 1; lastKnownFileType = text.xcconfig; name = "Pods-Warp17iosUITests.release.xcconfig"; path = "Pods/Target Support Files/Pods-Warp17iosUITests/Pods-Warp17iosUITests.release.xcconfig"; sourceTree = "<group>"; };
		C0CD9C07B06FBDC63E2486D7 /* Pods-Warp17iosUITests.debug.xcconfig */ = {isa = PBXFileReference; includeInIndex = 1; lastKnownFileType = text.xcconfig; name = "Pods-Warp17iosUITests.debug.xcconfig"; path = "Pods/Target Support Files/Pods-Warp17iosUITests/Pods-Warp17iosUITests.debug.xcconfig"; sourceTree = "<group>"; };
		C371F0479B27BE6AF355DD79 /* Pods-Warp17ios.release.xcconfig */ = {isa = PBXFileReference; includeInIndex = 1; lastKnownFileType = text.xcconfig; name = "Pods-Warp17ios.release.xcconfig"; path = "Pods/Target Support Files/Pods-Warp17ios/Pods-Warp17ios.release.xcconfig"; sourceTree = "<group>"; };
/* End PBXFileReference section */

/* Begin PBXFrameworksBuildPhase section */
		044B1F611F139E3E00B33677 /* Frameworks */ = {
			isa = PBXFrameworksBuildPhase;
			buildActionMask = 2147483647;
			files = (
				3C83B0FA577BD4174500E3A8 /* Pods_Warp17ios.framework in Frameworks */,
			);
			runOnlyForDeploymentPostprocessing = 0;
		};
		044B1F751F139E3E00B33677 /* Frameworks */ = {
			isa = PBXFrameworksBuildPhase;
			buildActionMask = 2147483647;
			files = (
				30D0A751983CC8FFEF37EF10 /* Pods_Warp17iosTests.framework in Frameworks */,
			);
			runOnlyForDeploymentPostprocessing = 0;
		};
		044B1F801F139E3E00B33677 /* Frameworks */ = {
			isa = PBXFrameworksBuildPhase;
			buildActionMask = 2147483647;
			files = (
				CEBF801440C5F3C636B58DB7 /* Pods_Warp17iosUITests.framework in Frameworks */,
			);
			runOnlyForDeploymentPostprocessing = 0;
		};
/* End PBXFrameworksBuildPhase section */

/* Begin PBXGroup section */
		00D5F43190294FF8FAF9FECB /* Pods */ = {
			isa = PBXGroup;
			children = (
				62F25AC2708B1736B409098E /* Pods-Warp17ios.debug.xcconfig */,
				C371F0479B27BE6AF355DD79 /* Pods-Warp17ios.release.xcconfig */,
				10D6F2F023DA43BFDCC007E2 /* Pods-Warp17iosTests.debug.xcconfig */,
				ABAE0128BD1B6561DC9D2565 /* Pods-Warp17iosTests.release.xcconfig */,
				C0CD9C07B06FBDC63E2486D7 /* Pods-Warp17iosUITests.debug.xcconfig */,
				BC12CE76A18C29AFA7B6718F /* Pods-Warp17iosUITests.release.xcconfig */,
			);
			name = Pods;
			sourceTree = "<group>";
		};
		044B1F5B1F139E3E00B33677 = {
			isa = PBXGroup;
			children = (
				044B1F661F139E3E00B33677 /* Warp17ios */,
				044B1F7B1F139E3E00B33677 /* Warp17iosTests */,
				044B1F861F139E3E00B33677 /* Warp17iosUITests */,
				044B1F651F139E3E00B33677 /* Products */,
				00D5F43190294FF8FAF9FECB /* Pods */,
				B6681514905F5126274C74EA /* Frameworks */,
			);
			sourceTree = "<group>";
		};
		044B1F651F139E3E00B33677 /* Products */ = {
			isa = PBXGroup;
			children = (
				044B1F641F139E3E00B33677 /* Warp17ios.app */,
				044B1F781F139E3E00B33677 /* Warp17iosTests.xctest */,
				044B1F831F139E3E00B33677 /* Warp17iosUITests.xctest */,
			);
			name = Products;
			sourceTree = "<group>";
		};
		044B1F661F139E3E00B33677 /* Warp17ios */ = {
			isa = PBXGroup;
			children = (
				04FDFC581F4889FC000B2730 /* CityInfo */,
				04FDFC531F3B0F21000B2730 /* Realm */,
				04FDFC521F3B0E67000B2730 /* Api */,
				044B1F671F139E3E00B33677 /* AppDelegate.swift */,
				044B1F691F139E3E00B33677 /* CitiesViewController.swift */,
				04FDFC4E1F327828000B2730 /* NotificationEvent.swift */,
				044B1FB11F21478100B33677 /* Updater.swift */,
				044B1F6B1F139E3E00B33677 /* Main.storyboard */,
				044B1FAD1F1E9F0200B33677 /* AddCityViewController.swift */,
				044B1FAF1F2142E000B33677 /* UiUtils.swift */,
				044B1F6E1F139E3E00B33677 /* Assets.xcassets */,
				04FDFC541F3C491F000B2730 /* GoogleService-Info.plist */,
				044B1F701F139E3E00B33677 /* LaunchScreen.storyboard */,
				044B1F731F139E3E00B33677 /* Info.plist */,
				044B1FA51F1AA18F00B33677 /* DataStorage.swift */,
				044B1FA91F1D3A6F00B33677 /* AppSettings.swift */,
				044B1FA71F1AA27200B33677 /* PlanetsViewController.swift */,
				04FDFC651F4F59A1000B2730 /* GeoService.swift */,
			);
			path = Warp17ios;
			sourceTree = "<group>";
		};
		044B1F7B1F139E3E00B33677 /* Warp17iosTests */ = {
			isa = PBXGroup;
			children = (
				044B1F7C1F139E3E00B33677 /* Warp17iosTests.swift */,
				044B1F7E1F139E3E00B33677 /* Info.plist */,
			);
			path = Warp17iosTests;
			sourceTree = "<group>";
		};
		044B1F861F139E3E00B33677 /* Warp17iosUITests */ = {
			isa = PBXGroup;
			children = (
				044B1F871F139E3E00B33677 /* Warp17iosUITests.swift */,
				044B1F891F139E3E00B33677 /* Info.plist */,
			);
			path = Warp17iosUITests;
			sourceTree = "<group>";
		};
		04FDFC521F3B0E67000B2730 /* Api */ = {
			isa = PBXGroup;
			children = (
				044B1F951F17A5EC00B33677 /* CitiesProvider.swift */,
				04AA98221F2228CA00A34E60 /* UpdatesProvider.swift */,
				04AA98261F32739400A34E60 /* RegisterProvider.swift */,
				04FDFC501F327A4C000B2730 /* AuthProvider.swift */,
				044B1F971F19475600B33677 /* ApiClient.swift */,
			);
			name = Api;
			sourceTree = "<group>";
		};
		04FDFC531F3B0F21000B2730 /* Realm */ = {
			isa = PBXGroup;
			children = (
				044B1FA31F1954BD00B33677 /* RealmCity.swift */,
				04FDFC611F4DE720000B2730 /* RealmPlanet.swift */,
			);
			name = Realm;
			sourceTree = "<group>";
		};
		04FDFC581F4889FC000B2730 /* CityInfo */ = {
			isa = PBXGroup;
			children = (
				04FDFC591F488AA6000B2730 /* CityPopulationViewController.swift */,
				04FDFC561F40EC1A000B2730 /* CityPageViewController.swift */,
				04FDFC631F4DE76A000B2730 /* CityFoodViewController.swift */,
			);
			name = CityInfo;
			sourceTree = "<group>";
		};
		B6681514905F5126274C74EA /* Frameworks */ = {
			isa = PBXGroup;
			children = (
				87876C34703F0E8548EAA6F6 /* Pods_Warp17ios.framework */,
				2381CE6B71F3FAFC3E7399F9 /* Pods_Warp17iosTests.framework */,
				AAECC8E6FCE9804B93664C93 /* Pods_Warp17iosUITests.framework */,
			);
			name = Frameworks;
			sourceTree = "<group>";
		};
/* End PBXGroup section */

/* Begin PBXNativeTarget section */
		044B1F631F139E3E00B33677 /* Warp17ios */ = {
			isa = PBXNativeTarget;
			buildConfigurationList = 044B1F8C1F139E3E00B33677 /* Build configuration list for PBXNativeTarget "Warp17ios" */;
			buildPhases = (
				444F6A3CBE0B089522921EA8 /* [CP] Check Pods Manifest.lock */,
				044B1F601F139E3E00B33677 /* Sources */,
				044B1F611F139E3E00B33677 /* Frameworks */,
				044B1F621F139E3E00B33677 /* Resources */,
				825A56F25E0C267D57373D1C /* [CP] Embed Pods Frameworks */,
				AF9AE41243982B19FE8AD09D /* [CP] Copy Pods Resources */,
			);
			buildRules = (
			);
			dependencies = (
			);
			name = Warp17ios;
			productName = Warp17ios;
			productReference = 044B1F641F139E3E00B33677 /* Warp17ios.app */;
			productType = "com.apple.product-type.application";
		};
		044B1F771F139E3E00B33677 /* Warp17iosTests */ = {
			isa = PBXNativeTarget;
			buildConfigurationList = 044B1F8F1F139E3E00B33677 /* Build configuration list for PBXNativeTarget "Warp17iosTests" */;
			buildPhases = (
				4D49024230DF70975EA596F4 /* [CP] Check Pods Manifest.lock */,
				044B1F741F139E3E00B33677 /* Sources */,
				044B1F751F139E3E00B33677 /* Frameworks */,
				044B1F761F139E3E00B33677 /* Resources */,
				E83013E294C9EB66C0C3BBA7 /* [CP] Embed Pods Frameworks */,
				3FE1A6799C87D6516D89F5AB /* [CP] Copy Pods Resources */,
			);
			buildRules = (
			);
			dependencies = (
				044B1F7A1F139E3E00B33677 /* PBXTargetDependency */,
			);
			name = Warp17iosTests;
			productName = Warp17iosTests;
			productReference = 044B1F781F139E3E00B33677 /* Warp17iosTests.xctest */;
			productType = "com.apple.product-type.bundle.unit-test";
		};
		044B1F821F139E3E00B33677 /* Warp17iosUITests */ = {
			isa = PBXNativeTarget;
			buildConfigurationList = 044B1F921F139E3E00B33677 /* Build configuration list for PBXNativeTarget "Warp17iosUITests" */;
			buildPhases = (
				CCCC25C4340C9A32F8E2D1C2 /* [CP] Check Pods Manifest.lock */,
				044B1F7F1F139E3E00B33677 /* Sources */,
				044B1F801F139E3E00B33677 /* Frameworks */,
				044B1F811F139E3E00B33677 /* Resources */,
				2380C0BF4CEF626C6F634C09 /* [CP] Embed Pods Frameworks */,
				E544C8A9A8F5929916053739 /* [CP] Copy Pods Resources */,
			);
			buildRules = (
			);
			dependencies = (
				044B1F851F139E3E00B33677 /* PBXTargetDependency */,
			);
			name = Warp17iosUITests;
			productName = Warp17iosUITests;
			productReference = 044B1F831F139E3E00B33677 /* Warp17iosUITests.xctest */;
			productType = "com.apple.product-type.bundle.ui-testing";
		};
/* End PBXNativeTarget section */

/* Begin PBXProject section */
		044B1F5C1F139E3E00B33677 /* Project object */ = {
			isa = PBXProject;
			attributes = {
				LastSwiftUpdateCheck = 0830;
				LastUpgradeCheck = 0830;
				ORGANIZATIONNAME = WarpTeam;
				TargetAttributes = {
					044B1F631F139E3E00B33677 = {
						CreatedOnToolsVersion = 8.3.3;
						ProvisioningStyle = Automatic;
						SystemCapabilities = {
							com.apple.Maps.iOS = {
								enabled = 0;
							};
						};
					};
					044B1F771F139E3E00B33677 = {
						CreatedOnToolsVersion = 8.3.3;
						ProvisioningStyle = Automatic;
						TestTargetID = 044B1F631F139E3E00B33677;
					};
					044B1F821F139E3E00B33677 = {
						CreatedOnToolsVersion = 8.3.3;
						ProvisioningStyle = Automatic;
						TestTargetID = 044B1F631F139E3E00B33677;
					};
				};
			};
			buildConfigurationList = 044B1F5F1F139E3E00B33677 /* Build configuration list for PBXProject "Warp17ios" */;
			compatibilityVersion = "Xcode 3.2";
			developmentRegion = English;
			hasScannedForEncodings = 0;
			knownRegions = (
				en,
				Base,
			);
			mainGroup = 044B1F5B1F139E3E00B33677;
			productRefGroup = 044B1F651F139E3E00B33677 /* Products */;
			projectDirPath = "";
			projectRoot = "";
			targets = (
				044B1F631F139E3E00B33677 /* Warp17ios */,
				044B1F771F139E3E00B33677 /* Warp17iosTests */,
				044B1F821F139E3E00B33677 /* Warp17iosUITests */,
			);
		};
/* End PBXProject section */

/* Begin PBXResourcesBuildPhase section */
		044B1F621F139E3E00B33677 /* Resources */ = {
			isa = PBXResourcesBuildPhase;
			buildActionMask = 2147483647;
			files = (
				044B1F721F139E3E00B33677 /* LaunchScreen.storyboard in Resources */,
				04FDFC551F3C491F000B2730 /* GoogleService-Info.plist in Resources */,
				044B1F6F1F139E3E00B33677 /* Assets.xcassets in Resources */,
				044B1F6D1F139E3E00B33677 /* Main.storyboard in Resources */,
			);
			runOnlyForDeploymentPostprocessing = 0;
		};
		044B1F761F139E3E00B33677 /* Resources */ = {
			isa = PBXResourcesBuildPhase;
			buildActionMask = 2147483647;
			files = (
			);
			runOnlyForDeploymentPostprocessing = 0;
		};
		044B1F811F139E3E00B33677 /* Resources */ = {
			isa = PBXResourcesBuildPhase;
			buildActionMask = 2147483647;
			files = (
			);
			runOnlyForDeploymentPostprocessing = 0;
		};
/* End PBXResourcesBuildPhase section */

/* Begin PBXShellScriptBuildPhase section */
		2380C0BF4CEF626C6F634C09 /* [CP] Embed Pods Frameworks */ = {
			isa = PBXShellScriptBuildPhase;
			buildActionMask = 2147483647;
			files = (
			);
			inputPaths = (
			);
			name = "[CP] Embed Pods Frameworks";
			outputPaths = (
			);
			runOnlyForDeploymentPostprocessing = 0;
			shellPath = /bin/sh;
			shellScript = "\"${SRCROOT}/Pods/Target Support Files/Pods-Warp17iosUITests/Pods-Warp17iosUITests-frameworks.sh\"\n";
			showEnvVarsInLog = 0;
		};
		3FE1A6799C87D6516D89F5AB /* [CP] Copy Pods Resources */ = {
			isa = PBXShellScriptBuildPhase;
			buildActionMask = 2147483647;
			files = (
			);
			inputPaths = (
			);
			name = "[CP] Copy Pods Resources";
			outputPaths = (
			);
			runOnlyForDeploymentPostprocessing = 0;
			shellPath = /bin/sh;
			shellScript = "\"${SRCROOT}/Pods/Target Support Files/Pods-Warp17iosTests/Pods-Warp17iosTests-resources.sh\"\n";
			showEnvVarsInLog = 0;
		};
		444F6A3CBE0B089522921EA8 /* [CP] Check Pods Manifest.lock */ = {
			isa = PBXShellScriptBuildPhase;
			buildActionMask = 2147483647;
			files = (
			);
			inputPaths = (
			);
			name = "[CP] Check Pods Manifest.lock";
			outputPaths = (
			);
			runOnlyForDeploymentPostprocessing = 0;
			shellPath = /bin/sh;
			shellScript = "diff \"${PODS_PODFILE_DIR_PATH}/Podfile.lock\" \"${PODS_ROOT}/Manifest.lock\" > /dev/null\nif [ $? != 0 ] ; then\n    # print error to STDERR\n    echo \"error: The sandbox is not in sync with the Podfile.lock. Run 'pod install' or update your CocoaPods installation.\" >&2\n    exit 1\nfi\n";
			showEnvVarsInLog = 0;
		};
		4D49024230DF70975EA596F4 /* [CP] Check Pods Manifest.lock */ = {
			isa = PBXShellScriptBuildPhase;
			buildActionMask = 2147483647;
			files = (
			);
			inputPaths = (
			);
			name = "[CP] Check Pods Manifest.lock";
			outputPaths = (
			);
			runOnlyForDeploymentPostprocessing = 0;
			shellPath = /bin/sh;
			shellScript = "diff \"${PODS_PODFILE_DIR_PATH}/Podfile.lock\" \"${PODS_ROOT}/Manifest.lock\" > /dev/null\nif [ $? != 0 ] ; then\n    # print error to STDERR\n    echo \"error: The sandbox is not in sync with the Podfile.lock. Run 'pod install' or update your CocoaPods installation.\" >&2\n    exit 1\nfi\n";
			showEnvVarsInLog = 0;
		};
		825A56F25E0C267D57373D1C /* [CP] Embed Pods Frameworks */ = {
			isa = PBXShellScriptBuildPhase;
			buildActionMask = 2147483647;
			files = (
			);
			inputPaths = (
			);
			name = "[CP] Embed Pods Frameworks";
			outputPaths = (
			);
			runOnlyForDeploymentPostprocessing = 0;
			shellPath = /bin/sh;
			shellScript = "\"${SRCROOT}/Pods/Target Support Files/Pods-Warp17ios/Pods-Warp17ios-frameworks.sh\"\n";
			showEnvVarsInLog = 0;
		};
		AF9AE41243982B19FE8AD09D /* [CP] Copy Pods Resources */ = {
			isa = PBXShellScriptBuildPhase;
			buildActionMask = 2147483647;
			files = (
			);
			inputPaths = (
			);
			name = "[CP] Copy Pods Resources";
			outputPaths = (
			);
			runOnlyForDeploymentPostprocessing = 0;
			shellPath = /bin/sh;
			shellScript = "\"${SRCROOT}/Pods/Target Support Files/Pods-Warp17ios/Pods-Warp17ios-resources.sh\"\n";
			showEnvVarsInLog = 0;
		};
		CCCC25C4340C9A32F8E2D1C2 /* [CP] Check Pods Manifest.lock */ = {
			isa = PBXShellScriptBuildPhase;
			buildActionMask = 2147483647;
			files = (
			);
			inputPaths = (
			);
			name = "[CP] Check Pods Manifest.lock";
			outputPaths = (
			);
			runOnlyForDeploymentPostprocessing = 0;
			shellPath = /bin/sh;
			shellScript = "diff \"${PODS_PODFILE_DIR_PATH}/Podfile.lock\" \"${PODS_ROOT}/Manifest.lock\" > /dev/null\nif [ $? != 0 ] ; then\n    # print error to STDERR\n    echo \"error: The sandbox is not in sync with the Podfile.lock. Run 'pod install' or update your CocoaPods installation.\" >&2\n    exit 1\nfi\n";
			showEnvVarsInLog = 0;
		};
		E544C8A9A8F5929916053739 /* [CP] Copy Pods Resources */ = {
			isa = PBXShellScriptBuildPhase;
			buildActionMask = 2147483647;
			files = (
			);
			inputPaths = (
			);
			name = "[CP] Copy Pods Resources";
			outputPaths = (
			);
			runOnlyForDeploymentPostprocessing = 0;
			shellPath = /bin/sh;
			shellScript = "\"${SRCROOT}/Pods/Target Support Files/Pods-Warp17iosUITests/Pods-Warp17iosUITests-resources.sh\"\n";
			showEnvVarsInLog = 0;
		};
		E83013E294C9EB66C0C3BBA7 /* [CP] Embed Pods Frameworks */ = {
			isa = PBXShellScriptBuildPhase;
			buildActionMask = 2147483647;
			files = (
			);
			inputPaths = (
			);
			name = "[CP] Embed Pods Frameworks";
			outputPaths = (
			);
			runOnlyForDeploymentPostprocessing = 0;
			shellPath = /bin/sh;
			shellScript = "\"${SRCROOT}/Pods/Target Support Files/Pods-Warp17iosTests/Pods-Warp17iosTests-frameworks.sh\"\n";
			showEnvVarsInLog = 0;
		};
/* End PBXShellScriptBuildPhase section */

/* Begin PBXSourcesBuildPhase section */
		044B1F601F139E3E00B33677 /* Sources */ = {
			isa = PBXSourcesBuildPhase;
			buildActionMask = 2147483647;
			files = (
				044B1FA41F1954BD00B33677 /* RealmCity.swift in Sources */,
				044B1F6A1F139E3E00B33677 /* CitiesViewController.swift in Sources */,
				04AA98231F2228CA00A34E60 /* UpdatesProvider.swift in Sources */,
				04FDFC661F4F59A1000B2730 /* GeoService.swift in Sources */,
				044B1FAE1F1E9F0200B33677 /* AddCityViewController.swift in Sources */,
				044B1FAA1F1D3A6F00B33677 /* AppSettings.swift in Sources */,
				044B1FB21F21478100B33677 /* Updater.swift in Sources */,
				04FDFC5A1F488AA6000B2730 /* CityPopulationViewController.swift in Sources */,
				044B1F681F139E3E00B33677 /* AppDelegate.swift in Sources */,
				04FDFC641F4DE76A000B2730 /* CityFoodViewController.swift in Sources */,
				044B1FA81F1AA27200B33677 /* PlanetsViewController.swift in Sources */,
				04AA98271F32739400A34E60 /* RegisterProvider.swift in Sources */,
				04FDFC511F327A4C000B2730 /* AuthProvider.swift in Sources */,
				04FDFC4F1F327828000B2730 /* NotificationEvent.swift in Sources */,
				044B1FB01F2142E000B33677 /* UiUtils.swift in Sources */,
				04FDFC621F4DE720000B2730 /* RealmPlanet.swift in Sources */,
				04FDFC571F40EC1A000B2730 /* CityPageViewController.swift in Sources */,
				044B1F961F17A5EC00B33677 /* CitiesProvider.swift in Sources */,
				044B1FA61F1AA18F00B33677 /* DataStorage.swift in Sources */,
				044B1F981F19475600B33677 /* ApiClient.swift in Sources */,
			);
			runOnlyForDeploymentPostprocessing = 0;
		};
		044B1F741F139E3E00B33677 /* Sources */ = {
			isa = PBXSourcesBuildPhase;
			buildActionMask = 2147483647;
			files = (
				044B1F7D1F139E3E00B33677 /* Warp17iosTests.swift in Sources */,
			);
			runOnlyForDeploymentPostprocessing = 0;
		};
		044B1F7F1F139E3E00B33677 /* Sources */ = {
			isa = PBXSourcesBuildPhase;
			buildActionMask = 2147483647;
			files = (
				044B1F881F139E3E00B33677 /* Warp17iosUITests.swift in Sources */,
			);
			runOnlyForDeploymentPostprocessing = 0;
		};
/* End PBXSourcesBuildPhase section */

/* Begin PBXTargetDependency section */
		044B1F7A1F139E3E00B33677 /* PBXTargetDependency */ = {
			isa = PBXTargetDependency;
			target = 044B1F631F139E3E00B33677 /* Warp17ios */;
			targetProxy = 044B1F791F139E3E00B33677 /* PBXContainerItemProxy */;
		};
		044B1F851F139E3E00B33677 /* PBXTargetDependency */ = {
			isa = PBXTargetDependency;
			target = 044B1F631F139E3E00B33677 /* Warp17ios */;
			targetProxy = 044B1F841F139E3E00B33677 /* PBXContainerItemProxy */;
		};
/* End PBXTargetDependency section */

/* Begin PBXVariantGroup section */
		044B1F6B1F139E3E00B33677 /* Main.storyboard */ = {
			isa = PBXVariantGroup;
			children = (
				044B1F6C1F139E3E00B33677 /* Base */,
			);
			name = Main.storyboard;
			sourceTree = "<group>";
		};
		044B1F701F139E3E00B33677 /* LaunchScreen.storyboard */ = {
			isa = PBXVariantGroup;
			children = (
				044B1F711F139E3E00B33677 /* Base */,
			);
			name = LaunchScreen.storyboard;
			sourceTree = "<group>";
		};
/* End PBXVariantGroup section */

/* Begin XCBuildConfiguration section */
		044B1F8A1F139E3E00B33677 /* Debug */ = {
			isa = XCBuildConfiguration;
			buildSettings = {
				ALWAYS_SEARCH_USER_PATHS = NO;
				CLANG_ANALYZER_NONNULL = YES;
				CLANG_ANALYZER_NUMBER_OBJECT_CONVERSION = YES_AGGRESSIVE;
				CLANG_CXX_LANGUAGE_STANDARD = "gnu++0x";
				CLANG_CXX_LIBRARY = "libc++";
				CLANG_ENABLE_MODULES = YES;
				CLANG_ENABLE_OBJC_ARC = YES;
				CLANG_WARN_BOOL_CONVERSION = YES;
				CLANG_WARN_CONSTANT_CONVERSION = YES;
				CLANG_WARN_DIRECT_OBJC_ISA_USAGE = YES_ERROR;
				CLANG_WARN_DOCUMENTATION_COMMENTS = YES;
				CLANG_WARN_EMPTY_BODY = YES;
				CLANG_WARN_ENUM_CONVERSION = YES;
				CLANG_WARN_INFINITE_RECURSION = YES;
				CLANG_WARN_INT_CONVERSION = YES;
				CLANG_WARN_OBJC_ROOT_CLASS = YES_ERROR;
				CLANG_WARN_SUSPICIOUS_MOVE = YES;
				CLANG_WARN_UNREACHABLE_CODE = YES;
				CLANG_WARN__DUPLICATE_METHOD_MATCH = YES;
				"CODE_SIGN_IDENTITY[sdk=iphoneos*]" = "iPhone Developer";
				COPY_PHASE_STRIP = NO;
				DEBUG_INFORMATION_FORMAT = dwarf;
				ENABLE_STRICT_OBJC_MSGSEND = YES;
				ENABLE_TESTABILITY = YES;
				GCC_C_LANGUAGE_STANDARD = gnu99;
				GCC_DYNAMIC_NO_PIC = NO;
				GCC_NO_COMMON_BLOCKS = YES;
				GCC_OPTIMIZATION_LEVEL = 0;
				GCC_PREPROCESSOR_DEFINITIONS = (
					"DEBUG=1",
					"$(inherited)",
				);
				GCC_WARN_64_TO_32_BIT_CONVERSION = YES;
				GCC_WARN_ABOUT_RETURN_TYPE = YES_ERROR;
				GCC_WARN_UNDECLARED_SELECTOR = YES;
				GCC_WARN_UNINITIALIZED_AUTOS = YES_AGGRESSIVE;
				GCC_WARN_UNUSED_FUNCTION = YES;
				GCC_WARN_UNUSED_VARIABLE = YES;
				IPHONEOS_DEPLOYMENT_TARGET = 10.3;
				MTL_ENABLE_DEBUG_INFO = YES;
				ONLY_ACTIVE_ARCH = YES;
				SDKROOT = iphoneos;
				SWIFT_ACTIVE_COMPILATION_CONDITIONS = DEBUG;
				SWIFT_OPTIMIZATION_LEVEL = "-Onone";
				TARGETED_DEVICE_FAMILY = "1,2";
			};
			name = Debug;
		};
		044B1F8B1F139E3E00B33677 /* Release */ = {
			isa = XCBuildConfiguration;
			buildSettings = {
				ALWAYS_SEARCH_USER_PATHS = NO;
				CLANG_ANALYZER_NONNULL = YES;
				CLANG_ANALYZER_NUMBER_OBJECT_CONVERSION = YES_AGGRESSIVE;
				CLANG_CXX_LANGUAGE_STANDARD = "gnu++0x";
				CLANG_CXX_LIBRARY = "libc++";
				CLANG_ENABLE_MODULES = YES;
				CLANG_ENABLE_OBJC_ARC = YES;
				CLANG_WARN_BOOL_CONVERSION = YES;
				CLANG_WARN_CONSTANT_CONVERSION = YES;
				CLANG_WARN_DIRECT_OBJC_ISA_USAGE = YES_ERROR;
				CLANG_WARN_DOCUMENTATION_COMMENTS = YES;
				CLANG_WARN_EMPTY_BODY = YES;
				CLANG_WARN_ENUM_CONVERSION = YES;
				CLANG_WARN_INFINITE_RECURSION = YES;
				CLANG_WARN_INT_CONVERSION = YES;
				CLANG_WARN_OBJC_ROOT_CLASS = YES_ERROR;
				CLANG_WARN_SUSPICIOUS_MOVE = YES;
				CLANG_WARN_UNREACHABLE_CODE = YES;
				CLANG_WARN__DUPLICATE_METHOD_MATCH = YES;
				"CODE_SIGN_IDENTITY[sdk=iphoneos*]" = "iPhone Developer";
				COPY_PHASE_STRIP = NO;
				DEBUG_INFORMATION_FORMAT = "dwarf-with-dsym";
				ENABLE_NS_ASSERTIONS = NO;
				ENABLE_STRICT_OBJC_MSGSEND = YES;
				GCC_C_LANGUAGE_STANDARD = gnu99;
				GCC_NO_COMMON_BLOCKS = YES;
				GCC_WARN_64_TO_32_BIT_CONVERSION = YES;
				GCC_WARN_ABOUT_RETURN_TYPE = YES_ERROR;
				GCC_WARN_UNDECLARED_SELECTOR = YES;
				GCC_WARN_UNINITIALIZED_AUTOS = YES_AGGRESSIVE;
				GCC_WARN_UNUSED_FUNCTION = YES;
				GCC_WARN_UNUSED_VARIABLE = YES;
				IPHONEOS_DEPLOYMENT_TARGET = 10.3;
				MTL_ENABLE_DEBUG_INFO = NO;
				SDKROOT = iphoneos;
				SWIFT_OPTIMIZATION_LEVEL = "-Owholemodule";
				TARGETED_DEVICE_FAMILY = "1,2";
				VALIDATE_PRODUCT = YES;
			};
			name = Release;
		};
		044B1F8D1F139E3E00B33677 /* Debug */ = {
			isa = XCBuildConfiguration;
			baseConfigurationReference = 62F25AC2708B1736B409098E /* Pods-Warp17ios.debug.xcconfig */;
			buildSettings = {
				ASSETCATALOG_COMPILER_APPICON_NAME = AppIcon;
				INFOPLIST_FILE = Warp17ios/Info.plist;
				LD_RUNPATH_SEARCH_PATHS = "$(inherited) @executable_path/Frameworks";
				PRODUCT_BUNDLE_IDENTIFIER = warpteam.Warp17ios;
				PRODUCT_NAME = "$(TARGET_NAME)";
				SWIFT_VERSION = 3.0;
			};
			name = Debug;
		};
		044B1F8E1F139E3E00B33677 /* Release */ = {
			isa = XCBuildConfiguration;
			baseConfigurationReference = C371F0479B27BE6AF355DD79 /* Pods-Warp17ios.release.xcconfig */;
			buildSettings = {
				ASSETCATALOG_COMPILER_APPICON_NAME = AppIcon;
				INFOPLIST_FILE = Warp17ios/Info.plist;
				LD_RUNPATH_SEARCH_PATHS = "$(inherited) @executable_path/Frameworks";
				PRODUCT_BUNDLE_IDENTIFIER = warpteam.Warp17ios;
				PRODUCT_NAME = "$(TARGET_NAME)";
				SWIFT_VERSION = 3.0;
			};
			name = Release;
		};
		044B1F901F139E3E00B33677 /* Debug */ = {
			isa = XCBuildConfiguration;
			baseConfigurationReference = 10D6F2F023DA43BFDCC007E2 /* Pods-Warp17iosTests.debug.xcconfig */;
			buildSettings = {
				ALWAYS_EMBED_SWIFT_STANDARD_LIBRARIES = YES;
				BUNDLE_LOADER = "$(TEST_HOST)";
				INFOPLIST_FILE = Warp17iosTests/Info.plist;
				LD_RUNPATH_SEARCH_PATHS = "$(inherited) @executable_path/Frameworks @loader_path/Frameworks";
				PRODUCT_BUNDLE_IDENTIFIER = warpteam.Warp17iosTests;
				PRODUCT_NAME = "$(TARGET_NAME)";
				SWIFT_VERSION = 3.0;
				TEST_HOST = "$(BUILT_PRODUCTS_DIR)/Warp17ios.app/Warp17ios";
			};
			name = Debug;
		};
		044B1F911F139E3E00B33677 /* Release */ = {
			isa = XCBuildConfiguration;
			baseConfigurationReference = ABAE0128BD1B6561DC9D2565 /* Pods-Warp17iosTests.release.xcconfig */;
			buildSettings = {
				ALWAYS_EMBED_SWIFT_STANDARD_LIBRARIES = YES;
				BUNDLE_LOADER = "$(TEST_HOST)";
				INFOPLIST_FILE = Warp17iosTests/Info.plist;
				LD_RUNPATH_SEARCH_PATHS = "$(inherited) @executable_path/Frameworks @loader_path/Frameworks";
				PRODUCT_BUNDLE_IDENTIFIER = warpteam.Warp17iosTests;
				PRODUCT_NAME = "$(TARGET_NAME)";
				SWIFT_VERSION = 3.0;
				TEST_HOST = "$(BUILT_PRODUCTS_DIR)/Warp17ios.app/Warp17ios";
			};
			name = Release;
		};
		044B1F931F139E3E00B33677 /* Debug */ = {
			isa = XCBuildConfiguration;
			baseConfigurationReference = C0CD9C07B06FBDC63E2486D7 /* Pods-Warp17iosUITests.debug.xcconfig */;
			buildSettings = {
				ALWAYS_EMBED_SWIFT_STANDARD_LIBRARIES = YES;
				INFOPLIST_FILE = Warp17iosUITests/Info.plist;
				LD_RUNPATH_SEARCH_PATHS = "$(inherited) @executable_path/Frameworks @loader_path/Frameworks";
				PRODUCT_BUNDLE_IDENTIFIER = warpteam.Warp17iosUITests;
				PRODUCT_NAME = "$(TARGET_NAME)";
				SWIFT_VERSION = 3.0;
				TEST_TARGET_NAME = Warp17ios;
			};
			name = Debug;
		};
		044B1F941F139E3E00B33677 /* Release */ = {
			isa = XCBuildConfiguration;
			baseConfigurationReference = BC12CE76A18C29AFA7B6718F /* Pods-Warp17iosUITests.release.xcconfig */;
			buildSettings = {
				ALWAYS_EMBED_SWIFT_STANDARD_LIBRARIES = YES;
				INFOPLIST_FILE = Warp17iosUITests/Info.plist;
				LD_RUNPATH_SEARCH_PATHS = "$(inherited) @executable_path/Frameworks @loader_path/Frameworks";
				PRODUCT_BUNDLE_IDENTIFIER = warpteam.Warp17iosUITests;
				PRODUCT_NAME = "$(TARGET_NAME)";
				SWIFT_VERSION = 3.0;
				TEST_TARGET_NAME = Warp17ios;
			};
			name = Release;
		};
/* End XCBuildConfiguration section */

/* Begin XCConfigurationList section */
		044B1F5F1F139E3E00B33677 /* Build configuration list for PBXProject "Warp17ios" */ = {
			isa = XCConfigurationList;
			buildConfigurations = (
				044B1F8A1F139E3E00B33677 /* Debug */,
				044B1F8B1F139E3E00B33677 /* Release */,
			);
			defaultConfigurationIsVisible = 0;
			defaultConfigurationName = Release;
		};
		044B1F8C1F139E3E00B33677 /* Build configuration list for PBXNativeTarget "Warp17ios" */ = {
			isa = XCConfigurationList;
			buildConfigurations = (
				044B1F8D1F139E3E00B33677 /* Debug */,
				044B1F8E1F139E3E00B33677 /* Release */,
			);
			defaultConfigurationIsVisible = 0;
			defaultConfigurationName = Release;
		};
		044B1F8F1F139E3E00B33677 /* Build configuration list for PBXNativeTarget "Warp17iosTests" */ = {
			isa = XCConfigurationList;
			buildConfigurations = (
				044B1F901F139E3E00B33677 /* Debug */,
				044B1F911F139E3E00B33677 /* Release */,
			);
			defaultConfigurationIsVisible = 0;
			defaultConfigurationName = Release;
		};
		044B1F921F139E3E00B33677 /* Build configuration list for PBXNativeTarget "Warp17iosUITests" */ = {
			isa = XCConfigurationList;
			buildConfigurations = (
				044B1F931F139E3E00B33677 /* Debug */,
				044B1F941F139E3E00B33677 /* Release */,
			);
			defaultConfigurationIsVisible = 0;
			defaultConfigurationName = Release;
		};
/* End XCConfigurationList section */
	};
	rootObject = 044B1F5C1F139E3E00B33677 /* Project object */;
}
